
Microsoft Visual Studio Solution File, Format Version 12.00
# Visual Studio Version 17
VisualStudioVersion = 17.1.32319.34
MinimumVisualStudioVersion = 10.0.40219.1
Project("{2150E333-8FDC-42A3-9474-1A3956D46DE8}") = "FrontEnd", "FrontEnd", "{A2FACFDA-9F85-4BD6-B592-49BC875E0FB4}"
EndProject
Project("{9A19103F-16F7-4668-BE54-9A1E7A4F7556}") = "UI", "UI\UI.csproj", "{EC6064FE-71A4-4BED-9047-31495EC48636}"
EndProject
Project("{2150E333-8FDC-42A3-9474-1A3956D46DE8}") = "Services", "Services", "{40965750-6915-4B9D-8567-757BAB03B6A9}"
EndProject
Project("{9A19103F-16F7-4668-BE54-9A1E7A4F7556}") = "Mango.Services.ProductAPI", "Mango.Services.ProductAPI\Mango.Services.ProductAPI.csproj", "{568D1150-0C9C-41A1-9434-43C4409232D1}"
EndProject
Project("{9A19103F-16F7-4668-BE54-9A1E7A4F7556}") = "Mango.Services.Identity", "Mango.Services.Identity\Mango.Services.Identity.csproj", "{BF6CD9E6-9A16-4EAE-8710-B38EDC351444}"
EndProject
Project("{9A19103F-16F7-4668-BE54-9A1E7A4F7556}") = "Mango.Services.ShoppingCartAPI", "Mango.Services.ShoppingCartAPI\Mango.Services.ShoppingCartAPI.csproj", "{EEEA5939-3497-4234-A7BE-3AFF66F00DBC}"
EndProject
Project("{FAE04EC0-301F-11D3-BF4B-00C04F79EFBC}") = "Mango.Services.CouponAPI", "Mango.Services.CouponAPI\Mango.Services.CouponAPI.csproj", "{5EF2CCB0-649C-4AC1-821F-0FF164E95397}"
EndProject
Global
	GlobalSection(SolutionConfigurationPlatforms) = preSolution
		Debug|Any CPU = Debug|Any CPU
		Release|Any CPU = Release|Any CPU
	EndGlobalSection
	GlobalSection(ProjectConfigurationPlatforms) = postSolution
		{EC6064FE-71A4-4BED-9047-31495EC48636}.Debug|Any CPU.ActiveCfg = Debug|Any CPU
		{EC6064FE-71A4-4BED-9047-31495EC48636}.Debug|Any CPU.Build.0 = Debug|Any CPU
		{EC6064FE-71A4-4BED-9047-31495EC48636}.Release|Any CPU.ActiveCfg = Release|Any CPU
		{EC6064FE-71A4-4BED-9047-31495EC48636}.Release|Any CPU.Build.0 = Release|Any CPU
		{568D1150-0C9C-41A1-9434-43C4409232D1}.Debug|Any CPU.ActiveCfg = Debug|Any CPU
		{568D1150-0C9C-41A1-9434-43C4409232D1}.Debug|Any CPU.Build.0 = Debug|Any CPU
		{568D1150-0C9C-41A1-9434-43C4409232D1}.Release|Any CPU.ActiveCfg = Release|Any CPU
		{568D1150-0C9C-41A1-9434-43C4409232D1}.Release|Any CPU.Build.0 = Release|Any CPU
		{BF6CD9E6-9A16-4EAE-8710-B38EDC351444}.Debug|Any CPU.ActiveCfg = Debug|Any CPU
		{BF6CD9E6-9A16-4EAE-8710-B38EDC351444}.Debug|Any CPU.Build.0 = Debug|Any CPU
		{BF6CD9E6-9A16-4EAE-8710-B38EDC351444}.Release|Any CPU.ActiveCfg = Release|Any CPU
		{BF6CD9E6-9A16-4EAE-8710-B38EDC351444}.Release|Any CPU.Build.0 = Release|Any CPU
		{EEEA5939-3497-4234-A7BE-3AFF66F00DBC}.Debug|Any CPU.ActiveCfg = Debug|Any CPU
		{EEEA5939-3497-4234-A7BE-3AFF66F00DBC}.Debug|Any CPU.Build.0 = Debug|Any CPU
		{EEEA5939-3497-4234-A7BE-3AFF66F00DBC}.Release|Any CPU.ActiveCfg = Release|Any CPU
		{EEEA5939-3497-4234-A7BE-3AFF66F00DBC}.Release|Any CPU.Build.0 = Release|Any CPU
		{5EF2CCB0-649C-4AC1-821F-0FF164E95397}.Debug|Any CPU.ActiveCfg = Debug|Any CPU
		{5EF2CCB0-649C-4AC1-821F-0FF164E95397}.Debug|Any CPU.Build.0 = Debug|Any CPU
		{5EF2CCB0-649C-4AC1-821F-0FF164E95397}.Release|Any CPU.ActiveCfg = Release|Any CPU
		{5EF2CCB0-649C-4AC1-821F-0FF164E95397}.Release|Any CPU.Build.0 = Release|Any CPU
	EndGlobalSection
	GlobalSection(SolutionProperties) = preSolution
		HideSolutionNode = FALSE
	EndGlobalSection
	GlobalSection(NestedProjects) = preSolution
		{EC6064FE-71A4-4BED-9047-31495EC48636} = {A2FACFDA-9F85-4BD6-B592-49BC875E0FB4}
		{568D1150-0C9C-41A1-9434-43C4409232D1} = {40965750-6915-4B9D-8567-757BAB03B6A9}
		{BF6CD9E6-9A16-4EAE-8710-B38EDC351444} = {40965750-6915-4B9D-8567-757BAB03B6A9}
		{EEEA5939-3497-4234-A7BE-3AFF66F00DBC} = {40965750-6915-4B9D-8567-757BAB03B6A9}
		{5EF2CCB0-649C-4AC1-821F-0FF164E95397} = {40965750-6915-4B9D-8567-757BAB03B6A9}
	EndGlobalSection
	GlobalSection(ExtensibilityGlobals) = postSolution
		SolutionGuid = {63BA747A-802F-4905-A8EB-D72F393D3D3F}
	EndGlobalSection
EndGlobal
